
Microsoft Visual Studio Solution File, Format Version 12.00
Project("{FAE04EC0-301F-11D3-BF4B-00C04F79EFBC}") = "SeaBattleLastHope", "SeaBattleLastHope\SeaBattleLastHope.csproj", "{EAEBA3BE-5ED8-4A34-917E-40D346CAC15D}"
EndProject
Global
	GlobalSection(SolutionConfigurationPlatforms) = preSolution
		Debug|Any CPU = Debug|Any CPU
		Release|Any CPU = Release|Any CPU
	EndGlobalSection
	GlobalSection(ProjectConfigurationPlatforms) = postSolution
		{EAEBA3BE-5ED8-4A34-917E-40D346CAC15D}.Debug|Any CPU.ActiveCfg = Debug|Any CPU
		{EAEBA3BE-5ED8-4A34-917E-40D346CAC15D}.Debug|Any CPU.Build.0 = Debug|Any CPU
		{EAEBA3BE-5ED8-4A34-917E-40D346CAC15D}.Release|Any CPU.ActiveCfg = Release|Any CPU
		{EAEBA3BE-5ED8-4A34-917E-40D346CAC15D}.Release|Any CPU.Build.0 = Release|Any CPU
	EndGlobalSection
EndGlobal
